
Microsoft Visual Studio Solution File, Format Version 12.00
# Visual Studio 14
VisualStudioVersion = 14.0.25420.1
MinimumVisualStudioVersion = 10.0.40219.1
Project("{FAE04EC0-301F-11D3-BF4B-00C04F79EFBC}") = "simple-array-sum", "simple-array-sum\simple-array-sum.csproj", "{5C3D6F3E-6EF8-4E64-A8C3-758D44BBA5B6}"
EndProject
Project("{FAE04EC0-301F-11D3-BF4B-00C04F79EFBC}") = "staircase", "staircase\staircase.csproj", "{E9E9B226-5324-4D6D-AD37-9F694D0FA2B9}"
EndProject
Project("{FAE04EC0-301F-11D3-BF4B-00C04F79EFBC}") = "utopian-tree", "utopian-tree\utopian-tree.csproj", "{8DE04FD3-0664-46F8-B3A6-139AE43CE07C}"
EndProject
Project("{FAE04EC0-301F-11D3-BF4B-00C04F79EFBC}") = "pangrams", "pangrams\pangrams.csproj", "{3C144A35-FC66-4DC9-B6A8-8E2713C5B223}"
EndProject
Project("{FAE04EC0-301F-11D3-BF4B-00C04F79EFBC}") = "missing-numbers", "missing-numbers\missing-numbers.csproj", "{FD8509D6-EF5C-4BAC-B76C-48F3D27C2E3F}"
EndProject
Project("{FAE04EC0-301F-11D3-BF4B-00C04F79EFBC}") = "Example", "Example\Example.csproj", "{1EDD6BDF-CDFC-454B-839A-F296BA2B6D04}"
EndProject
Project("{FAE04EC0-301F-11D3-BF4B-00C04F79EFBC}") = "fibonacci-modified", "fibonacci-modified\fibonacci-modified.csproj", "{03196FA4-7D6A-47DC-8E02-2933CE2E8D8D}"
EndProject
Project("{FAE04EC0-301F-11D3-BF4B-00C04F79EFBC}") = "chocolate-feast", "chocolate-feast\chocolate-feast.csproj", "{3DEE3A48-D7A4-40C2-8D16-C30C0A512015}"
EndProject
Project("{FAE04EC0-301F-11D3-BF4B-00C04F79EFBC}") = "maximizing-xor", "maximizing-xor\maximizing-xor.csproj", "{A3AE5891-1C98-4266-B15B-1C32CB559E6F}"
EndProject
Project("{FAE04EC0-301F-11D3-BF4B-00C04F79EFBC}") = "sherlock-and-the-beast", "sherlock-and-the-beast\sherlock-and-the-beast.csproj", "{B9612E60-F8F1-45E7-83C6-B691C47B2258}"
EndProject
Project("{FAE04EC0-301F-11D3-BF4B-00C04F79EFBC}") = "new-year-chaos", "new-year-chaos\new-year-chaos.csproj", "{F4553640-0172-4BE1-A94B-2C22CE17A26E}"
EndProject
Project("{2150E333-8FDC-42A3-9474-1A3956D46DE8}") = "HackerRank", "HackerRank", "{F310F592-1BBB-434B-8012-4B3AE612DDC6}"
EndProject
Project("{2150E333-8FDC-42A3-9474-1A3956D46DE8}") = "TDD", "TDD", "{901B8FAC-CEC4-49BC-9CF7-CCD1B2FE689C}"
EndProject
Project("{FAE04EC0-301F-11D3-BF4B-00C04F79EFBC}") = "Cfn.OnBoarding.TDD.MathToolBox", "Cfn.OnBoarding.TDD.MathToolBox\Cfn.OnBoarding.TDD.MathToolBox.csproj", "{9AA7D03B-5FCC-4E0E-94E5-83F0D2D1EB97}"
EndProject
Project("{FAE04EC0-301F-11D3-BF4B-00C04F79EFBC}") = "Cfn.OnBoarding.TDD.MathToolBox.ImplA", "Cfn.OnBoarding.TDD.MathToolBox.ImplA\Cfn.OnBoarding.TDD.MathToolBox.ImplA.csproj", "{A7CEEDC7-5420-4325-A4B8-8C86678A2B70}"
EndProject
Project("{FAE04EC0-301F-11D3-BF4B-00C04F79EFBC}") = "Cfn.OnBoarding.TDD.MathToolBox.ImplA.UnitTests", "Cfn.OnBoarding.TDD.MathToolBox.ImplA.UnitTests\Cfn.OnBoarding.TDD.MathToolBox.ImplA.UnitTests.csproj", "{266B5F63-178F-40F9-A9F0-DCC48B7F5A20}"
EndProject
Project("{2150E333-8FDC-42A3-9474-1A3956D46DE8}") = "Tests", "Tests", "{FCEE18A0-C84E-4534-94B7-585282E1E5C8}"
EndProject
Project("{FAE04EC0-301F-11D3-BF4B-00C04F79EFBC}") = "Cfn.OnBoarding.TDD.MathToolBox.ImplB", "Cfn.OnBoarding.TDD.MathToolBox.ImplB\Cfn.OnBoarding.TDD.MathToolBox.ImplB.csproj", "{A9AE8C1D-1109-4747-9B33-9A2DDEF2E97B}"
EndProject
Project("{FAE04EC0-301F-11D3-BF4B-00C04F79EFBC}") = "Cfn.OnBoarding.TDD.MathToolBox.ImplB.UnitTests", "Cfn.OnBoarding.TDD.MathToolBox.ImplB.UnitTests\Cfn.OnBoarding.TDD.MathToolBox.ImplB.UnitTests.csproj", "{9855F46F-85DE-4B1F-B47C-57919DBE176B}"
EndProject
Project("{FAE04EC0-301F-11D3-BF4B-00C04F79EFBC}") = "Cfn.OnBoarding.TDD.Classroom", "Cfn.OnBoarding.TDD.Classroom\Cfn.OnBoarding.TDD.Classroom.csproj", "{554C5CD0-3740-40E0-831A-B67E8AB30124}"
EndProject
Project("{FAE04EC0-301F-11D3-BF4B-00C04F79EFBC}") = "Cfn.OnBoarding.TDD.Classroom.Math", "Cfn.OnBoarding.TDD.Classroom.Math\Cfn.OnBoarding.TDD.Classroom.Math.csproj", "{3D4CA895-0CBF-4D96-AAAE-3AA0A2800F80}"
EndProject
Project("{FAE04EC0-301F-11D3-BF4B-00C04F79EFBC}") = "Cfn.OnBoarding.TDD.Classroom.Math.UnitTests", "Cfn.OnBoarding.TDD.Classroom.Math.UnitTests\Cfn.OnBoarding.TDD.Classroom.Math.UnitTests.csproj", "{48FF01C1-383E-4CDA-8F0F-9F16D9620FC7}"
EndProject
Global
	GlobalSection(SolutionConfigurationPlatforms) = preSolution
		Debug|Any CPU = Debug|Any CPU
		Release|Any CPU = Release|Any CPU
	EndGlobalSection
	GlobalSection(ProjectConfigurationPlatforms) = postSolution
		{5C3D6F3E-6EF8-4E64-A8C3-758D44BBA5B6}.Debug|Any CPU.ActiveCfg = Debug|Any CPU
		{5C3D6F3E-6EF8-4E64-A8C3-758D44BBA5B6}.Debug|Any CPU.Build.0 = Debug|Any CPU
		{5C3D6F3E-6EF8-4E64-A8C3-758D44BBA5B6}.Release|Any CPU.ActiveCfg = Release|Any CPU
		{5C3D6F3E-6EF8-4E64-A8C3-758D44BBA5B6}.Release|Any CPU.Build.0 = Release|Any CPU
		{E9E9B226-5324-4D6D-AD37-9F694D0FA2B9}.Debug|Any CPU.ActiveCfg = Debug|Any CPU
		{E9E9B226-5324-4D6D-AD37-9F694D0FA2B9}.Debug|Any CPU.Build.0 = Debug|Any CPU
		{E9E9B226-5324-4D6D-AD37-9F694D0FA2B9}.Release|Any CPU.ActiveCfg = Release|Any CPU
		{E9E9B226-5324-4D6D-AD37-9F694D0FA2B9}.Release|Any CPU.Build.0 = Release|Any CPU
		{8DE04FD3-0664-46F8-B3A6-139AE43CE07C}.Debug|Any CPU.ActiveCfg = Debug|Any CPU
		{8DE04FD3-0664-46F8-B3A6-139AE43CE07C}.Debug|Any CPU.Build.0 = Debug|Any CPU
		{8DE04FD3-0664-46F8-B3A6-139AE43CE07C}.Release|Any CPU.ActiveCfg = Release|Any CPU
		{8DE04FD3-0664-46F8-B3A6-139AE43CE07C}.Release|Any CPU.Build.0 = Release|Any CPU
		{3C144A35-FC66-4DC9-B6A8-8E2713C5B223}.Debug|Any CPU.ActiveCfg = Debug|Any CPU
		{3C144A35-FC66-4DC9-B6A8-8E2713C5B223}.Debug|Any CPU.Build.0 = Debug|Any CPU
		{3C144A35-FC66-4DC9-B6A8-8E2713C5B223}.Release|Any CPU.ActiveCfg = Release|Any CPU
		{3C144A35-FC66-4DC9-B6A8-8E2713C5B223}.Release|Any CPU.Build.0 = Release|Any CPU
		{FD8509D6-EF5C-4BAC-B76C-48F3D27C2E3F}.Debug|Any CPU.ActiveCfg = Debug|Any CPU
		{FD8509D6-EF5C-4BAC-B76C-48F3D27C2E3F}.Debug|Any CPU.Build.0 = Debug|Any CPU
		{FD8509D6-EF5C-4BAC-B76C-48F3D27C2E3F}.Release|Any CPU.ActiveCfg = Release|Any CPU
		{FD8509D6-EF5C-4BAC-B76C-48F3D27C2E3F}.Release|Any CPU.Build.0 = Release|Any CPU
		{1EDD6BDF-CDFC-454B-839A-F296BA2B6D04}.Debug|Any CPU.ActiveCfg = Debug|Any CPU
		{1EDD6BDF-CDFC-454B-839A-F296BA2B6D04}.Debug|Any CPU.Build.0 = Debug|Any CPU
		{1EDD6BDF-CDFC-454B-839A-F296BA2B6D04}.Release|Any CPU.ActiveCfg = Release|Any CPU
		{1EDD6BDF-CDFC-454B-839A-F296BA2B6D04}.Release|Any CPU.Build.0 = Release|Any CPU
		{03196FA4-7D6A-47DC-8E02-2933CE2E8D8D}.Debug|Any CPU.ActiveCfg = Debug|Any CPU
		{03196FA4-7D6A-47DC-8E02-2933CE2E8D8D}.Debug|Any CPU.Build.0 = Debug|Any CPU
		{03196FA4-7D6A-47DC-8E02-2933CE2E8D8D}.Release|Any CPU.ActiveCfg = Release|Any CPU
		{03196FA4-7D6A-47DC-8E02-2933CE2E8D8D}.Release|Any CPU.Build.0 = Release|Any CPU
		{3DEE3A48-D7A4-40C2-8D16-C30C0A512015}.Debug|Any CPU.ActiveCfg = Debug|Any CPU
		{3DEE3A48-D7A4-40C2-8D16-C30C0A512015}.Debug|Any CPU.Build.0 = Debug|Any CPU
		{3DEE3A48-D7A4-40C2-8D16-C30C0A512015}.Release|Any CPU.ActiveCfg = Release|Any CPU
		{3DEE3A48-D7A4-40C2-8D16-C30C0A512015}.Release|Any CPU.Build.0 = Release|Any CPU
		{A3AE5891-1C98-4266-B15B-1C32CB559E6F}.Debug|Any CPU.ActiveCfg = Debug|Any CPU
		{A3AE5891-1C98-4266-B15B-1C32CB559E6F}.Debug|Any CPU.Build.0 = Debug|Any CPU
		{A3AE5891-1C98-4266-B15B-1C32CB559E6F}.Release|Any CPU.ActiveCfg = Release|Any CPU
		{A3AE5891-1C98-4266-B15B-1C32CB559E6F}.Release|Any CPU.Build.0 = Release|Any CPU
		{B9612E60-F8F1-45E7-83C6-B691C47B2258}.Debug|Any CPU.ActiveCfg = Debug|Any CPU
		{B9612E60-F8F1-45E7-83C6-B691C47B2258}.Debug|Any CPU.Build.0 = Debug|Any CPU
		{B9612E60-F8F1-45E7-83C6-B691C47B2258}.Release|Any CPU.ActiveCfg = Release|Any CPU
		{B9612E60-F8F1-45E7-83C6-B691C47B2258}.Release|Any CPU.Build.0 = Release|Any CPU
		{F4553640-0172-4BE1-A94B-2C22CE17A26E}.Debug|Any CPU.ActiveCfg = Debug|Any CPU
		{F4553640-0172-4BE1-A94B-2C22CE17A26E}.Debug|Any CPU.Build.0 = Debug|Any CPU
		{F4553640-0172-4BE1-A94B-2C22CE17A26E}.Release|Any CPU.ActiveCfg = Release|Any CPU
		{F4553640-0172-4BE1-A94B-2C22CE17A26E}.Release|Any CPU.Build.0 = Release|Any CPU
		{9AA7D03B-5FCC-4E0E-94E5-83F0D2D1EB97}.Debug|Any CPU.ActiveCfg = Debug|Any CPU
		{9AA7D03B-5FCC-4E0E-94E5-83F0D2D1EB97}.Debug|Any CPU.Build.0 = Debug|Any CPU
		{9AA7D03B-5FCC-4E0E-94E5-83F0D2D1EB97}.Release|Any CPU.ActiveCfg = Release|Any CPU
		{9AA7D03B-5FCC-4E0E-94E5-83F0D2D1EB97}.Release|Any CPU.Build.0 = Release|Any CPU
		{A7CEEDC7-5420-4325-A4B8-8C86678A2B70}.Debug|Any CPU.ActiveCfg = Debug|Any CPU
		{A7CEEDC7-5420-4325-A4B8-8C86678A2B70}.Debug|Any CPU.Build.0 = Debug|Any CPU
		{A7CEEDC7-5420-4325-A4B8-8C86678A2B70}.Release|Any CPU.ActiveCfg = Release|Any CPU
		{A7CEEDC7-5420-4325-A4B8-8C86678A2B70}.Release|Any CPU.Build.0 = Release|Any CPU
		{266B5F63-178F-40F9-A9F0-DCC48B7F5A20}.Debug|Any CPU.ActiveCfg = Debug|Any CPU
		{266B5F63-178F-40F9-A9F0-DCC48B7F5A20}.Debug|Any CPU.Build.0 = Debug|Any CPU
		{266B5F63-178F-40F9-A9F0-DCC48B7F5A20}.Release|Any CPU.ActiveCfg = Release|Any CPU
		{266B5F63-178F-40F9-A9F0-DCC48B7F5A20}.Release|Any CPU.Build.0 = Release|Any CPU
		{A9AE8C1D-1109-4747-9B33-9A2DDEF2E97B}.Debug|Any CPU.ActiveCfg = Debug|Any CPU
		{A9AE8C1D-1109-4747-9B33-9A2DDEF2E97B}.Debug|Any CPU.Build.0 = Debug|Any CPU
		{A9AE8C1D-1109-4747-9B33-9A2DDEF2E97B}.Release|Any CPU.ActiveCfg = Release|Any CPU
		{A9AE8C1D-1109-4747-9B33-9A2DDEF2E97B}.Release|Any CPU.Build.0 = Release|Any CPU
		{9855F46F-85DE-4B1F-B47C-57919DBE176B}.Debug|Any CPU.ActiveCfg = Debug|Any CPU
		{9855F46F-85DE-4B1F-B47C-57919DBE176B}.Debug|Any CPU.Build.0 = Debug|Any CPU
		{9855F46F-85DE-4B1F-B47C-57919DBE176B}.Release|Any CPU.ActiveCfg = Release|Any CPU
		{9855F46F-85DE-4B1F-B47C-57919DBE176B}.Release|Any CPU.Build.0 = Release|Any CPU
		{554C5CD0-3740-40E0-831A-B67E8AB30124}.Debug|Any CPU.ActiveCfg = Debug|Any CPU
		{554C5CD0-3740-40E0-831A-B67E8AB30124}.Debug|Any CPU.Build.0 = Debug|Any CPU
		{554C5CD0-3740-40E0-831A-B67E8AB30124}.Release|Any CPU.ActiveCfg = Release|Any CPU
		{554C5CD0-3740-40E0-831A-B67E8AB30124}.Release|Any CPU.Build.0 = Release|Any CPU
		{3D4CA895-0CBF-4D96-AAAE-3AA0A2800F80}.Debug|Any CPU.ActiveCfg = Debug|Any CPU
		{3D4CA895-0CBF-4D96-AAAE-3AA0A2800F80}.Debug|Any CPU.Build.0 = Debug|Any CPU
		{3D4CA895-0CBF-4D96-AAAE-3AA0A2800F80}.Release|Any CPU.ActiveCfg = Release|Any CPU
		{3D4CA895-0CBF-4D96-AAAE-3AA0A2800F80}.Release|Any CPU.Build.0 = Release|Any CPU
		{48FF01C1-383E-4CDA-8F0F-9F16D9620FC7}.Debug|Any CPU.ActiveCfg = Debug|Any CPU
		{48FF01C1-383E-4CDA-8F0F-9F16D9620FC7}.Debug|Any CPU.Build.0 = Debug|Any CPU
		{48FF01C1-383E-4CDA-8F0F-9F16D9620FC7}.Release|Any CPU.ActiveCfg = Release|Any CPU
		{48FF01C1-383E-4CDA-8F0F-9F16D9620FC7}.Release|Any CPU.Build.0 = Release|Any CPU
	EndGlobalSection
	GlobalSection(SolutionProperties) = preSolution
		HideSolutionNode = FALSE
	EndGlobalSection
	GlobalSection(NestedProjects) = preSolution
		{5C3D6F3E-6EF8-4E64-A8C3-758D44BBA5B6} = {F310F592-1BBB-434B-8012-4B3AE612DDC6}
		{E9E9B226-5324-4D6D-AD37-9F694D0FA2B9} = {F310F592-1BBB-434B-8012-4B3AE612DDC6}
		{8DE04FD3-0664-46F8-B3A6-139AE43CE07C} = {F310F592-1BBB-434B-8012-4B3AE612DDC6}
		{3C144A35-FC66-4DC9-B6A8-8E2713C5B223} = {F310F592-1BBB-434B-8012-4B3AE612DDC6}
		{FD8509D6-EF5C-4BAC-B76C-48F3D27C2E3F} = {F310F592-1BBB-434B-8012-4B3AE612DDC6}
		{1EDD6BDF-CDFC-454B-839A-F296BA2B6D04} = {F310F592-1BBB-434B-8012-4B3AE612DDC6}
		{03196FA4-7D6A-47DC-8E02-2933CE2E8D8D} = {F310F592-1BBB-434B-8012-4B3AE612DDC6}
		{3DEE3A48-D7A4-40C2-8D16-C30C0A512015} = {F310F592-1BBB-434B-8012-4B3AE612DDC6}
		{A3AE5891-1C98-4266-B15B-1C32CB559E6F} = {F310F592-1BBB-434B-8012-4B3AE612DDC6}
		{B9612E60-F8F1-45E7-83C6-B691C47B2258} = {F310F592-1BBB-434B-8012-4B3AE612DDC6}
		{F4553640-0172-4BE1-A94B-2C22CE17A26E} = {F310F592-1BBB-434B-8012-4B3AE612DDC6}
		{9AA7D03B-5FCC-4E0E-94E5-83F0D2D1EB97} = {901B8FAC-CEC4-49BC-9CF7-CCD1B2FE689C}
		{A7CEEDC7-5420-4325-A4B8-8C86678A2B70} = {901B8FAC-CEC4-49BC-9CF7-CCD1B2FE689C}
		{266B5F63-178F-40F9-A9F0-DCC48B7F5A20} = {FCEE18A0-C84E-4534-94B7-585282E1E5C8}
		{FCEE18A0-C84E-4534-94B7-585282E1E5C8} = {901B8FAC-CEC4-49BC-9CF7-CCD1B2FE689C}
		{A9AE8C1D-1109-4747-9B33-9A2DDEF2E97B} = {901B8FAC-CEC4-49BC-9CF7-CCD1B2FE689C}
		{9855F46F-85DE-4B1F-B47C-57919DBE176B} = {FCEE18A0-C84E-4534-94B7-585282E1E5C8}
		{554C5CD0-3740-40E0-831A-B67E8AB30124} = {901B8FAC-CEC4-49BC-9CF7-CCD1B2FE689C}
		{3D4CA895-0CBF-4D96-AAAE-3AA0A2800F80} = {901B8FAC-CEC4-49BC-9CF7-CCD1B2FE689C}
		{48FF01C1-383E-4CDA-8F0F-9F16D9620FC7} = {FCEE18A0-C84E-4534-94B7-585282E1E5C8}
	EndGlobalSection
EndGlobal
